
Microsoft Visual Studio Solution File, Format Version 12.00
# Visual Studio Version 17
VisualStudioVersion = 17.5.33627.172
MinimumVisualStudioVersion = 10.0.40219.1
Project("{FAE04EC0-301F-11D3-BF4B-00C04F79EFBC}") = "EncurtadorUrl.Api", "EncurtadorUrl.Api\EncurtadorUrl.Api.csproj", "{2936E280-3E88-4C99-B7EA-C9E795E1D8B4}"
EndProject
Project("{FAE04EC0-301F-11D3-BF4B-00C04F79EFBC}") = "EncurtadorUrl.Api.Data", "EncurtadorUrl.Api.Data\EncurtadorUrl.Api.Data.csproj", "{2BB48E2F-46C9-4FC5-9840-CD42C5D07291}"
EndProject
Project("{FAE04EC0-301F-11D3-BF4B-00C04F79EFBC}") = "EncurtadorUrl.Api.Shared", "EncurtadorUrl.Api.Shared\EncurtadorUrl.Api.Shared.csproj", "{145D1C0E-CA0A-41FA-9853-17D91E18C9F5}"
EndProject
Global
	GlobalSection(SolutionConfigurationPlatforms) = preSolution
		Debug|Any CPU = Debug|Any CPU
		Release|Any CPU = Release|Any CPU
	EndGlobalSection
	GlobalSection(ProjectConfigurationPlatforms) = postSolution
		{2936E280-3E88-4C99-B7EA-C9E795E1D8B4}.Debug|Any CPU.ActiveCfg = Debug|Any CPU
		{2936E280-3E88-4C99-B7EA-C9E795E1D8B4}.Debug|Any CPU.Build.0 = Debug|Any CPU
		{2936E280-3E88-4C99-B7EA-C9E795E1D8B4}.Release|Any CPU.ActiveCfg = Release|Any CPU
		{2936E280-3E88-4C99-B7EA-C9E795E1D8B4}.Release|Any CPU.Build.0 = Release|Any CPU
		{2BB48E2F-46C9-4FC5-9840-CD42C5D07291}.Debug|Any CPU.ActiveCfg = Debug|Any CPU
		{2BB48E2F-46C9-4FC5-9840-CD42C5D07291}.Debug|Any CPU.Build.0 = Debug|Any CPU
		{2BB48E2F-46C9-4FC5-9840-CD42C5D07291}.Release|Any CPU.ActiveCfg = Release|Any CPU
		{2BB48E2F-46C9-4FC5-9840-CD42C5D07291}.Release|Any CPU.Build.0 = Release|Any CPU
		{145D1C0E-CA0A-41FA-9853-17D91E18C9F5}.Debug|Any CPU.ActiveCfg = Debug|Any CPU
		{145D1C0E-CA0A-41FA-9853-17D91E18C9F5}.Debug|Any CPU.Build.0 = Debug|Any CPU
		{145D1C0E-CA0A-41FA-9853-17D91E18C9F5}.Release|Any CPU.ActiveCfg = Release|Any CPU
		{145D1C0E-CA0A-41FA-9853-17D91E18C9F5}.Release|Any CPU.Build.0 = Release|Any CPU
	EndGlobalSection
	GlobalSection(SolutionProperties) = preSolution
		HideSolutionNode = FALSE
	EndGlobalSection
	GlobalSection(ExtensibilityGlobals) = postSolution
		SolutionGuid = {B494E55E-F971-47C2-9088-E1E5E61684B7}
	EndGlobalSection
EndGlobal
